{
  "name": "tune-mountain",
  "version": "0.1.0",
  "lockfileVersion": 1,
  "requires": true,
  "dependencies": {
    "@pixi/accessibility": {
      "version": "5.1.2",
      "resolved": "https://registry.npmjs.org/@pixi/accessibility/-/accessibility-5.1.2.tgz",
      "integrity": "sha512-JzkigTn33NjJH/ezREoxCvRr4AdVJcjiV6aHtN+AoUIBlgFgU4gKQQplcSSEOz/sU44ZZsTxWbYss/N7m6A7HQ==",
      "requires": {
        "@pixi/core": "^5.1.2",
        "@pixi/display": "^5.1.2",
        "@pixi/utils": "^5.1.2"
      }
    },
    "@pixi/app": {
      "version": "5.1.2",
      "resolved": "https://registry.npmjs.org/@pixi/app/-/app-5.1.2.tgz",
      "integrity": "sha512-03j43HiRCAIoCMSK8rQ0MTURVlxVmdjvUBuUvb7AuiHRPrZUDvhNCp4Zagw0q+qlyk2TbQmJelx5qu7+Fj7EsA==",
      "requires": {
        "@pixi/core": "^5.1.2",
        "@pixi/display": "^5.1.2"
      }
    },
    "@pixi/constants": {
      "version": "5.1.0",
      "resolved": "https://registry.npmjs.org/@pixi/constants/-/constants-5.1.0.tgz",
      "integrity": "sha512-86cogDvjF9yNvmxeizwkIhA0Kl2z3gUSWMf2daYx903dzyje7fwkzRrKLnqDUn6vSAxRXiska0DMJhwYsIC29w=="
    },
    "@pixi/core": {
      "version": "5.1.2",
      "resolved": "https://registry.npmjs.org/@pixi/core/-/core-5.1.2.tgz",
      "integrity": "sha512-/cwS68gqnMlwDrdtNjo5ugvTIERXdFBOjgsG0bXLniTgOm0urc6sKnk1Qxn6h3gBR0yua1LouqJTjTHeOwUJbg==",
      "requires": {
        "@pixi/constants": "^5.1.0",
        "@pixi/display": "^5.1.2",
        "@pixi/math": "^5.1.0",
        "@pixi/runner": "^5.1.1",
        "@pixi/settings": "^5.1.1",
        "@pixi/ticker": "^5.1.1",
        "@pixi/utils": "^5.1.2"
      }
    },
    "@pixi/display": {
      "version": "5.1.2",
      "resolved": "https://registry.npmjs.org/@pixi/display/-/display-5.1.2.tgz",
      "integrity": "sha512-nySE+hn2t8PXDP3m9JFOqCsAxQk4dH+MKYlHDfQ2Zv98lmr+JbeY0UMhF+E5qggNvFOln7Ijwva60ce9nu0tiQ==",
      "requires": {
        "@pixi/math": "^5.1.0",
        "@pixi/settings": "^5.1.1",
        "@pixi/utils": "^5.1.2"
      }
    },
    "@pixi/extract": {
      "version": "5.1.2",
      "resolved": "https://registry.npmjs.org/@pixi/extract/-/extract-5.1.2.tgz",
      "integrity": "sha512-mBMvCXcBH37oPXj/v6FlSny44r1pXuv3VrxjqX+UamNKsDcaZm3Ma+5ft8csWbDqQSYscAr0XQbifBPZrohnqg==",
      "requires": {
        "@pixi/core": "^5.1.2",
        "@pixi/math": "^5.1.0",
        "@pixi/utils": "^5.1.2"
      }
    },
    "@pixi/filter-alpha": {
      "version": "5.1.2",
      "resolved": "https://registry.npmjs.org/@pixi/filter-alpha/-/filter-alpha-5.1.2.tgz",
      "integrity": "sha512-xRD3Ou1fVBJ0SBDarOgk73mayMvjVMaHVEX5uQw8bKVITzv71t1NI0+KTgmxibu/Zh7VorkbXv+S7jgBUBohHw==",
      "requires": {
        "@pixi/core": "^5.1.2"
      }
    },
    "@pixi/filter-blur": {
      "version": "5.1.2",
      "resolved": "https://registry.npmjs.org/@pixi/filter-blur/-/filter-blur-5.1.2.tgz",
      "integrity": "sha512-woRxRFnkgxNnJnU/gEdg0DH1i9ED3gfHNNcy68PwykRFhzFu9ryU+CCSfo962evqioordwl/uPYX28leZxEdRQ==",
      "requires": {
        "@pixi/core": "^5.1.2",
        "@pixi/settings": "^5.1.1"
      }
    },
    "@pixi/filter-color-matrix": {
      "version": "5.1.2",
      "resolved": "https://registry.npmjs.org/@pixi/filter-color-matrix/-/filter-color-matrix-5.1.2.tgz",
      "integrity": "sha512-LCnTBYrZgC4mvizmZJ3QmOuZ+C/Elq903c18dky7NwFJs6B2OuG5WxjWHnd5kFY+U5QnCr5k1+r3CaA6jFgE2Q==",
      "requires": {
        "@pixi/core": "^5.1.2"
      }
    },
    "@pixi/filter-displacement": {
      "version": "5.1.2",
      "resolved": "https://registry.npmjs.org/@pixi/filter-displacement/-/filter-displacement-5.1.2.tgz",
      "integrity": "sha512-HTEZQuUvyqf9fwMVE3vZDB5czE/ga6D5bF/nxnURJk4rZz3KS4sG9sjMcIySitijk3F5kqbCTv/TErhUMLiSIA==",
      "requires": {
        "@pixi/core": "^5.1.2",
        "@pixi/math": "^5.1.0"
      }
    },
    "@pixi/filter-fxaa": {
      "version": "5.1.2",
      "resolved": "https://registry.npmjs.org/@pixi/filter-fxaa/-/filter-fxaa-5.1.2.tgz",
      "integrity": "sha512-UcJ0p8AqFmfv1vOpsfu6idxzwqC4Eg/ppiv+brTcKT6u/wnqfb1MicRyVAwjpGNXOA8dH4lzVAamWHFKgVFpDg==",
      "requires": {
        "@pixi/core": "^5.1.2"
      }
    },
    "@pixi/filter-noise": {
      "version": "5.1.2",
      "resolved": "https://registry.npmjs.org/@pixi/filter-noise/-/filter-noise-5.1.2.tgz",
      "integrity": "sha512-Jb4hVoCtnB754YBnfp96RGQIpzWGRKn+0wQfVEixPFRdcpZPHPa1UOSfQ4SGm9uj/n33esl0CUd6UAwbp9aFow==",
      "requires": {
        "@pixi/core": "^5.1.2"
      }
    },
    "@pixi/graphics": {
      "version": "5.1.2",
      "resolved": "https://registry.npmjs.org/@pixi/graphics/-/graphics-5.1.2.tgz",
      "integrity": "sha512-R0D2k7AN5Ld8d49Lr4lJpgWQQ624Eksa9MkEJoZemrfwlFVfm26mRyL8lm5kI01zjlsi12wcyGaiUMiQEvS+sg==",
      "requires": {
        "@pixi/constants": "^5.1.0",
        "@pixi/core": "^5.1.2",
        "@pixi/display": "^5.1.2",
        "@pixi/math": "^5.1.0",
        "@pixi/sprite": "^5.1.2",
        "@pixi/utils": "^5.1.2"
      }
    },
    "@pixi/interaction": {
      "version": "5.1.2",
      "resolved": "https://registry.npmjs.org/@pixi/interaction/-/interaction-5.1.2.tgz",
      "integrity": "sha512-84lPSc+6zMmgcJIDIr0B1M1+UIKwxHmS4XE2i/+TkjMPNvQW3hl+mYuAs4KRB76J17TCRO57BHq4cZ4VKzEpSw==",
      "requires": {
        "@pixi/core": "^5.1.2",
        "@pixi/display": "^5.1.2",
        "@pixi/math": "^5.1.0",
        "@pixi/ticker": "^5.1.1",
        "@pixi/utils": "^5.1.2"
      }
    },
    "@pixi/loaders": {
      "version": "5.1.2",
      "resolved": "https://registry.npmjs.org/@pixi/loaders/-/loaders-5.1.2.tgz",
      "integrity": "sha512-3eljtxqe6x+0UY3Tjs787+QEdjl6HRF5UcyyrFV8OD+IjsC3akvEYgZnyG3d6WjONT9ToQvcOf+91xf/+8NA3g==",
      "requires": {
        "@pixi/core": "^5.1.2",
        "@pixi/utils": "^5.1.2",
        "resource-loader": "^3.0.1"
      }
    },
    "@pixi/math": {
      "version": "5.1.0",
      "resolved": "https://registry.npmjs.org/@pixi/math/-/math-5.1.0.tgz",
      "integrity": "sha512-Vf9W4SgYRRQMdSq8tFViKKKGCU3iklf0RDzd+wzp4gezOxe3m0PLB7XKwvVrP1hRjUh49zIAL9JBpYREPS1EMw=="
    },
    "@pixi/mesh": {
      "version": "5.1.2",
      "resolved": "https://registry.npmjs.org/@pixi/mesh/-/mesh-5.1.2.tgz",
      "integrity": "sha512-dD9aFA7Eh186hPRUK8n+/zcr3O5CDAy7d1EGWJ4au0dGp8ZbdRS1OhZ0IGWvynSl45C348kk4biP8Tbda5w/bA==",
      "requires": {
        "@pixi/constants": "^5.1.0",
        "@pixi/core": "^5.1.2",
        "@pixi/display": "^5.1.2",
        "@pixi/math": "^5.1.0",
        "@pixi/settings": "^5.1.1",
        "@pixi/utils": "^5.1.2"
      }
    },
    "@pixi/mesh-extras": {
      "version": "5.1.2",
      "resolved": "https://registry.npmjs.org/@pixi/mesh-extras/-/mesh-extras-5.1.2.tgz",
      "integrity": "sha512-mG4LVDsFDYF2o2b03Nm8bixVtMjexbI9UVkbrI0k+yNlH/lHCsjjgXe9kjI9I9Yo6a0CvmfTLpUWP2jHD3sdow==",
      "requires": {
        "@pixi/constants": "^5.1.0",
        "@pixi/core": "^5.1.2",
        "@pixi/math": "^5.1.0",
        "@pixi/mesh": "^5.1.2",
        "@pixi/utils": "^5.1.2"
      }
    },
    "@pixi/mixin-cache-as-bitmap": {
      "version": "5.1.2",
      "resolved": "https://registry.npmjs.org/@pixi/mixin-cache-as-bitmap/-/mixin-cache-as-bitmap-5.1.2.tgz",
      "integrity": "sha512-Bnz5GyG58BtUHkKwTzNKejcMlF7dtK2Th0mtNuwQMLuhILfZuAND6SAS3XX6xEW8sm3NKRTR8zywZUv5SA8ecA==",
      "requires": {
        "@pixi/core": "^5.1.2",
        "@pixi/display": "^5.1.2",
        "@pixi/math": "^5.1.0",
        "@pixi/settings": "^5.1.1",
        "@pixi/sprite": "^5.1.2",
        "@pixi/utils": "^5.1.2"
      }
    },
    "@pixi/mixin-get-child-by-name": {
      "version": "5.1.2",
      "resolved": "https://registry.npmjs.org/@pixi/mixin-get-child-by-name/-/mixin-get-child-by-name-5.1.2.tgz",
      "integrity": "sha512-MKOgGGfR0e/VxmotpglmEfKU5f2BTbm5wMIK/EqGDkZL2i3/JXCQV4oaHWsIcUeOW6866G3ZWUpVf1oNGSmF9g==",
      "requires": {
        "@pixi/display": "^5.1.2"
      }
    },
    "@pixi/mixin-get-global-position": {
      "version": "5.1.2",
      "resolved": "https://registry.npmjs.org/@pixi/mixin-get-global-position/-/mixin-get-global-position-5.1.2.tgz",
      "integrity": "sha512-w6hcFxgeD1oSbU/qWiy56r5+gcpxjrkIxMvW9ZnLs9yO/tqlY0z39CMdTr6TYa5e8qe3qral4sZasq7n0GbpYw==",
      "requires": {
        "@pixi/display": "^5.1.2",
        "@pixi/math": "^5.1.0"
      }
    },
    "@pixi/particles": {
      "version": "5.1.2",
      "resolved": "https://registry.npmjs.org/@pixi/particles/-/particles-5.1.2.tgz",
      "integrity": "sha512-76pn2E9lHBlIhrb1onw3lOQMfSdwQk5P/TqzOd+w+bmNIvLO8nYiCDQEz867kTAa438PkqVfUD99FGtBj1e52g==",
      "requires": {
        "@pixi/constants": "^5.1.0",
        "@pixi/core": "^5.1.2",
        "@pixi/display": "^5.1.2",
        "@pixi/math": "^5.1.0",
        "@pixi/utils": "^5.1.2"
      }
    },
    "@pixi/polyfill": {
      "version": "5.1.0",
      "resolved": "https://registry.npmjs.org/@pixi/polyfill/-/polyfill-5.1.0.tgz",
      "integrity": "sha512-8M3nYCO0a599fsdLW7wv9SBYriMqS1QckKAkRuN2JualRuK/GjxZjm5Vcbcwc1gGONRUKZroH12CuPyTcU2HnQ==",
      "requires": {
        "es6-promise-polyfill": "^1.2.0",
        "object-assign": "^4.1.1"
      }
    },
    "@pixi/prepare": {
      "version": "5.1.2",
      "resolved": "https://registry.npmjs.org/@pixi/prepare/-/prepare-5.1.2.tgz",
      "integrity": "sha512-gflMburNeRyGwpDSRT8UQpxrdsaE2tu2AlThsbmVNJh4bguOEwKPdsXYlIhUdclfqga9VH4EOGXP7VqjA727Tg==",
      "requires": {
        "@pixi/core": "^5.1.2",
        "@pixi/display": "^5.1.2",
        "@pixi/graphics": "^5.1.2",
        "@pixi/settings": "^5.1.1",
        "@pixi/text": "^5.1.2",
        "@pixi/ticker": "^5.1.1"
      }
    },
    "@pixi/runner": {
      "version": "5.1.1",
      "resolved": "https://registry.npmjs.org/@pixi/runner/-/runner-5.1.1.tgz",
      "integrity": "sha512-cOkWsRZlEgOB4IuiUW0PvU0JDMNpNTtyLeECg4DwIDYW4uQ0033zaZFSsN0EOeX0TFkpBmaJsgEIwpmw32VU0w=="
    },
    "@pixi/settings": {
      "version": "5.1.1",
      "resolved": "https://registry.npmjs.org/@pixi/settings/-/settings-5.1.1.tgz",
      "integrity": "sha512-PyK/kofKwaCXFfi0mNi4FNwH/jQjBnfRi3kyoR3K7rTiWK4gyn/tuCbAGWxzYyutUos6JrYd4gPDcHHYboJO6g==",
      "requires": {
        "ismobilejs": "^0.5.1"
      }
    },
    "@pixi/sprite": {
      "version": "5.1.2",
      "resolved": "https://registry.npmjs.org/@pixi/sprite/-/sprite-5.1.2.tgz",
      "integrity": "sha512-uhKFTlx/Z+vIZNt5KFd4s9dRdtdWJIe8nksPnQ0+oBj/XHyCVbcqQfsxqj9hT2LmmXw7U+B9tRQ9+k3R3zj5sg==",
      "requires": {
        "@pixi/constants": "^5.1.0",
        "@pixi/core": "^5.1.2",
        "@pixi/display": "^5.1.2",
        "@pixi/math": "^5.1.0",
        "@pixi/settings": "^5.1.1",
        "@pixi/utils": "^5.1.2"
      }
    },
    "@pixi/sprite-animated": {
      "version": "5.1.2",
      "resolved": "https://registry.npmjs.org/@pixi/sprite-animated/-/sprite-animated-5.1.2.tgz",
      "integrity": "sha512-qDarQJlG4ysV8qApjhq3KTBW6HNOVfts/Z3bOtH1gM54sJnYHVuvnl36LgsHFfKls6EWwwbUpYvniFr/79TowQ==",
      "requires": {
        "@pixi/core": "^5.1.2",
        "@pixi/sprite": "^5.1.2",
        "@pixi/ticker": "^5.1.1"
      }
    },
    "@pixi/sprite-tiling": {
      "version": "5.1.2",
      "resolved": "https://registry.npmjs.org/@pixi/sprite-tiling/-/sprite-tiling-5.1.2.tgz",
      "integrity": "sha512-JFbTb3f1sowhVqXGtv0SRKcjBiVxP2lXvuC9uOvz+SyHn3SuK+DxreUzmFSUXtxpfeVakcolmfbE0xAO8smvfQ==",
      "requires": {
        "@pixi/constants": "^5.1.0",
        "@pixi/core": "^5.1.2",
        "@pixi/display": "^5.1.2",
        "@pixi/math": "^5.1.0",
        "@pixi/sprite": "^5.1.2",
        "@pixi/utils": "^5.1.2"
      }
    },
    "@pixi/spritesheet": {
      "version": "5.1.2",
      "resolved": "https://registry.npmjs.org/@pixi/spritesheet/-/spritesheet-5.1.2.tgz",
      "integrity": "sha512-D8e/CFykWCE9jdBq1lufEHwMPwIrDo+DQwTPDuciaH5q6aydnJf4lH84yn279EckITXGUHxtaQsErlnJpDfHfg==",
      "requires": {
        "@pixi/core": "^5.1.2",
        "@pixi/loaders": "^5.1.2",
        "@pixi/math": "^5.1.0",
        "@pixi/utils": "^5.1.2"
      }
    },
    "@pixi/text": {
      "version": "5.1.2",
      "resolved": "https://registry.npmjs.org/@pixi/text/-/text-5.1.2.tgz",
      "integrity": "sha512-Tchyls22xi6b/hgKSBKWBuXDG8sML/3mpxWhlMaDXSVxwjMqHQkmRO6VsA8I6HJRzS9bU6zn2Wjvjd/bLs907w==",
      "requires": {
        "@pixi/core": "^5.1.2",
        "@pixi/math": "^5.1.0",
        "@pixi/settings": "^5.1.1",
        "@pixi/sprite": "^5.1.2",
        "@pixi/utils": "^5.1.2"
      }
    },
    "@pixi/text-bitmap": {
      "version": "5.1.2",
      "resolved": "https://registry.npmjs.org/@pixi/text-bitmap/-/text-bitmap-5.1.2.tgz",
      "integrity": "sha512-OcN5ry7sg9BJekduuPlv/mLqpmARWd73EEpLW+5OUTWJfboEy1vG50Z//pYmRNnnxWvUTTdI30AioNTx+N09PA==",
      "requires": {
        "@pixi/core": "^5.1.2",
        "@pixi/display": "^5.1.2",
        "@pixi/loaders": "^5.1.2",
        "@pixi/math": "^5.1.0",
        "@pixi/settings": "^5.1.1",
        "@pixi/sprite": "^5.1.2",
        "@pixi/utils": "^5.1.2"
      }
    },
    "@pixi/ticker": {
      "version": "5.1.1",
      "resolved": "https://registry.npmjs.org/@pixi/ticker/-/ticker-5.1.1.tgz",
      "integrity": "sha512-eUitqmwTZAialK7yXLwva/L+VHVix2mi2vvsOj5LxUo2wS32ftnjv4Etd+Gh2QCatX6P3fFowW7v2+jxjqIkPA==",
      "requires": {
        "@pixi/settings": "^5.1.1"
      }
    },
    "@pixi/utils": {
      "version": "5.1.2",
      "resolved": "https://registry.npmjs.org/@pixi/utils/-/utils-5.1.2.tgz",
      "integrity": "sha512-se2RXYBDEAqTV5XBJ2E/SA1wiTexmM8RsRF/NvX96c+DsLNxosbXLQcg+n850nEqKv0iN7OarMLtlbEW1yMBOQ==",
      "requires": {
        "@pixi/constants": "^5.1.0",
        "@pixi/settings": "^5.1.1",
        "earcut": "^2.1.5",
        "eventemitter3": "^3.1.0",
        "url": "^0.11.0"
      }
    },
    "accepts": {
      "version": "1.3.7",
      "resolved": "https://registry.npmjs.org/accepts/-/accepts-1.3.7.tgz",
      "integrity": "sha512-Il80Qs2WjYlJIBNzNkK6KYqlVMTbZLXgHx2oT0pU/fjRHyEp+PEfEPY0R3WCwAGVOtauxh1hOxNgIf5bv7dQpA==",
      "requires": {
        "mime-types": "~2.1.24",
        "negotiator": "0.6.2"
      }
    },
    "array-flatten": {
      "version": "1.1.1",
      "resolved": "https://registry.npmjs.org/array-flatten/-/array-flatten-1.1.1.tgz",
      "integrity": "sha1-ml9pkFGx5wczKPKgCJaLZOopVdI="
    },
    "async": {
      "version": "1.5.2",
      "resolved": "https://registry.npmjs.org/async/-/async-1.5.2.tgz",
      "integrity": "sha1-7GphrlZIDAw8skHJVhjiCJL5Zyo="
    },
    "body-parser": {
      "version": "1.19.0",
      "resolved": "https://registry.npmjs.org/body-parser/-/body-parser-1.19.0.tgz",
      "integrity": "sha512-dhEPs72UPbDnAQJ9ZKMNTP6ptJaionhP5cBb541nXPlW60Jepo9RV/a4fX4XWW9CuFNK22krhrj1+rgzifNCsw==",
      "requires": {
        "bytes": "3.1.0",
        "content-type": "~1.0.4",
        "debug": "2.6.9",
        "depd": "~1.1.2",
        "http-errors": "1.7.2",
        "iconv-lite": "0.4.24",
        "on-finished": "~2.3.0",
        "qs": "6.7.0",
        "raw-body": "2.4.0",
        "type-is": "~1.6.17"
      },
      "dependencies": {
        "debug": {
          "version": "2.6.9",
          "resolved": "https://registry.npmjs.org/debug/-/debug-2.6.9.tgz",
          "integrity": "sha512-bC7ElrdJaJnPbAP+1EotYvqZsb3ecl5wi6Bfi6BJTUcNowp6cvspg0jXznRTKDjm/E7AdgFBVeAPVMNcKGsHMA==",
          "requires": {
            "ms": "2.0.0"
          }
        },
        "ms": {
          "version": "2.0.0",
          "resolved": "https://registry.npmjs.org/ms/-/ms-2.0.0.tgz",
          "integrity": "sha1-VgiurfwAvmwpAd9fmGF4jeDVl8g="
        },
        "qs": {
          "version": "6.7.0",
          "resolved": "https://registry.npmjs.org/qs/-/qs-6.7.0.tgz",
          "integrity": "sha512-VCdBRNFTX1fyE7Nb6FYoURo/SPe62QCaAyzJvUjwRaIsc+NePBEniHlvxFmmX56+HZphIGtV0XeCirBtpDrTyQ=="
        }
      }
    },
    "bytes": {
      "version": "3.1.0",
      "resolved": "https://registry.npmjs.org/bytes/-/bytes-3.1.0.tgz",
      "integrity": "sha512-zauLjrfCG+xvoyaqLoV8bLVXXNGC4JqlxFCutSDWA6fJrTo2ZuvLYTqZ7aHBLZSMOopbzwv8f+wZcVzfVTI2Dg=="
    },
    "colors": {
      "version": "1.0.3",
      "resolved": "https://registry.npmjs.org/colors/-/colors-1.0.3.tgz",
      "integrity": "sha1-BDP0TYCWgP3rYO0mDxsMJi6CpAs="
    },
    "content-disposition": {
      "version": "0.5.3",
      "resolved": "https://registry.npmjs.org/content-disposition/-/content-disposition-0.5.3.tgz",
      "integrity": "sha512-ExO0774ikEObIAEV9kDo50o+79VCUdEB6n6lzKgGwupcVeRlhrj3qGAfwq8G6uBJjkqLrhT0qEYFcWng8z1z0g==",
      "requires": {
        "safe-buffer": "5.1.2"
      }
    },
    "content-type": {
      "version": "1.0.4",
      "resolved": "https://registry.npmjs.org/content-type/-/content-type-1.0.4.tgz",
      "integrity": "sha512-hIP3EEPs8tB9AT1L+NUqtwOAps4mk2Zob89MWXMHjHWg9milF/j4osnnQLXBCBFBk/tvIG/tUc9mOUJiPBhPXA=="
    },
    "cookie": {
      "version": "0.4.0",
      "resolved": "https://registry.npmjs.org/cookie/-/cookie-0.4.0.tgz",
      "integrity": "sha512-+Hp8fLp57wnUSt0tY0tHEXh4voZRDnoIrZPqlo3DPiI4y9lwg/jqx+1Om94/W6ZaPDOUbnjOt/99w66zk+l1Xg=="
    },
    "cookie-signature": {
      "version": "1.0.6",
      "resolved": "https://registry.npmjs.org/cookie-signature/-/cookie-signature-1.0.6.tgz",
      "integrity": "sha1-4wOogrNCzD7oylE6eZmXNNqzriw="
    },
    "corser": {
      "version": "2.0.1",
      "resolved": "https://registry.npmjs.org/corser/-/corser-2.0.1.tgz",
      "integrity": "sha1-jtolLsqrWEDc2XXOuQ2TcMgZ/4c="
    },
    "debug": {
      "version": "3.2.6",
      "resolved": "https://registry.npmjs.org/debug/-/debug-3.2.6.tgz",
      "integrity": "sha512-mel+jf7nrtEl5Pn1Qx46zARXKDpBbvzezse7p7LqINmdoIk8PYP5SySaxEmYv6TZ0JyEKA1hsCId6DIhgITtWQ==",
      "requires": {
        "ms": "^2.1.1"
      }
    },
    "depd": {
      "version": "1.1.2",
      "resolved": "https://registry.npmjs.org/depd/-/depd-1.1.2.tgz",
      "integrity": "sha1-m81S4UwJd2PnSbJ0xDRu0uVgtak="
    },
    "destroy": {
      "version": "1.0.4",
      "resolved": "https://registry.npmjs.org/destroy/-/destroy-1.0.4.tgz",
      "integrity": "sha1-l4hXRCxEdJ5CBmE+N5RiBYJqvYA="
    },
    "earcut": {
      "version": "2.1.5",
      "resolved": "https://registry.npmjs.org/earcut/-/earcut-2.1.5.tgz",
      "integrity": "sha512-QFWC7ywTVLtvRAJTVp8ugsuuGQ5mVqNmJ1cRYeLrSHgP3nycr2RHTJob9OtM0v8ujuoKN0NY1a93J/omeTL1PA=="
    },
    "ecstatic": {
      "version": "3.3.2",
      "resolved": "https://registry.npmjs.org/ecstatic/-/ecstatic-3.3.2.tgz",
      "integrity": "sha512-fLf9l1hnwrHI2xn9mEDT7KIi22UDqA2jaCwyCbSUJh9a1V+LEUSL/JO/6TIz/QyuBURWUHrFL5Kg2TtO1bkkog==",
      "requires": {
        "he": "^1.1.1",
        "mime": "^1.6.0",
        "minimist": "^1.1.0",
        "url-join": "^2.0.5"
      },
      "dependencies": {
        "mime": {
          "version": "1.6.0",
          "resolved": "https://registry.npmjs.org/mime/-/mime-1.6.0.tgz",
          "integrity": "sha512-x0Vn8spI+wuJ1O6S7gnbaQg8Pxh4NNHb7KSINmEWKiPE4RKOplvijn+NkmYmmRgP68mc70j2EbeTFRsrswaQeg=="
        }
      }
    },
    "ee-first": {
      "version": "1.1.1",
      "resolved": "https://registry.npmjs.org/ee-first/-/ee-first-1.1.1.tgz",
      "integrity": "sha1-WQxhFWsK4vTwJVcyoViyZrxWsh0="
    },
    "encodeurl": {
      "version": "1.0.2",
      "resolved": "https://registry.npmjs.org/encodeurl/-/encodeurl-1.0.2.tgz",
      "integrity": "sha1-rT/0yG7C0CkyL1oCw6mmBslbP1k="
    },
    "es6-promise-polyfill": {
      "version": "1.2.0",
      "resolved": "https://registry.npmjs.org/es6-promise-polyfill/-/es6-promise-polyfill-1.2.0.tgz",
      "integrity": "sha1-84kl8jyz4+jObNqP93T867sJDN4="
    },
    "escape-html": {
      "version": "1.0.3",
      "resolved": "https://registry.npmjs.org/escape-html/-/escape-html-1.0.3.tgz",
      "integrity": "sha1-Aljq5NPQwJdN4cFpGI7wBR0dGYg="
    },
    "etag": {
      "version": "1.8.1",
      "resolved": "https://registry.npmjs.org/etag/-/etag-1.8.1.tgz",
      "integrity": "sha1-Qa4u62XvpiJorr/qg6x9eSmbCIc="
    },
    "eventemitter3": {
      "version": "3.1.2",
      "resolved": "https://registry.npmjs.org/eventemitter3/-/eventemitter3-3.1.2.tgz",
      "integrity": "sha512-tvtQIeLVHjDkJYnzf2dgVMxfuSGJeM/7UCG17TT4EumTfNtF+0nebF/4zWOIkCreAbtNqhGEboB6BWrwqNaw4Q=="
    },
    "express": {
      "version": "4.17.1",
      "resolved": "https://registry.npmjs.org/express/-/express-4.17.1.tgz",
      "integrity": "sha512-mHJ9O79RqluphRrcw2X/GTh3k9tVv8YcoyY4Kkh4WDMUYKRZUq0h1o0w2rrrxBqM7VoeUVqgb27xlEMXTnYt4g==",
      "requires": {
        "accepts": "~1.3.7",
        "array-flatten": "1.1.1",
        "body-parser": "1.19.0",
        "content-disposition": "0.5.3",
        "content-type": "~1.0.4",
        "cookie": "0.4.0",
        "cookie-signature": "1.0.6",
        "debug": "2.6.9",
        "depd": "~1.1.2",
        "encodeurl": "~1.0.2",
        "escape-html": "~1.0.3",
        "etag": "~1.8.1",
        "finalhandler": "~1.1.2",
        "fresh": "0.5.2",
        "merge-descriptors": "1.0.1",
        "methods": "~1.1.2",
        "on-finished": "~2.3.0",
        "parseurl": "~1.3.3",
        "path-to-regexp": "0.1.7",
        "proxy-addr": "~2.0.5",
        "qs": "6.7.0",
        "range-parser": "~1.2.1",
        "safe-buffer": "5.1.2",
        "send": "0.17.1",
        "serve-static": "1.14.1",
        "setprototypeof": "1.1.1",
        "statuses": "~1.5.0",
        "type-is": "~1.6.18",
        "utils-merge": "1.0.1",
        "vary": "~1.1.2"
      },
      "dependencies": {
        "debug": {
          "version": "2.6.9",
          "resolved": "https://registry.npmjs.org/debug/-/debug-2.6.9.tgz",
          "integrity": "sha512-bC7ElrdJaJnPbAP+1EotYvqZsb3ecl5wi6Bfi6BJTUcNowp6cvspg0jXznRTKDjm/E7AdgFBVeAPVMNcKGsHMA==",
          "requires": {
            "ms": "2.0.0"
          }
        },
        "ms": {
          "version": "2.0.0",
          "resolved": "https://registry.npmjs.org/ms/-/ms-2.0.0.tgz",
          "integrity": "sha1-VgiurfwAvmwpAd9fmGF4jeDVl8g="
        },
        "qs": {
          "version": "6.7.0",
          "resolved": "https://registry.npmjs.org/qs/-/qs-6.7.0.tgz",
          "integrity": "sha512-VCdBRNFTX1fyE7Nb6FYoURo/SPe62QCaAyzJvUjwRaIsc+NePBEniHlvxFmmX56+HZphIGtV0XeCirBtpDrTyQ=="
        }
      }
    },
    "finalhandler": {
      "version": "1.1.2",
      "resolved": "https://registry.npmjs.org/finalhandler/-/finalhandler-1.1.2.tgz",
      "integrity": "sha512-aAWcW57uxVNrQZqFXjITpW3sIUQmHGG3qSb9mUah9MgMC4NeWhNOlNjXEYq3HjRAvL6arUviZGGJsBg6z0zsWA==",
      "requires": {
        "debug": "2.6.9",
        "encodeurl": "~1.0.2",
        "escape-html": "~1.0.3",
        "on-finished": "~2.3.0",
        "parseurl": "~1.3.3",
        "statuses": "~1.5.0",
        "unpipe": "~1.0.0"
      },
      "dependencies": {
        "debug": {
          "version": "2.6.9",
          "resolved": "https://registry.npmjs.org/debug/-/debug-2.6.9.tgz",
          "integrity": "sha512-bC7ElrdJaJnPbAP+1EotYvqZsb3ecl5wi6Bfi6BJTUcNowp6cvspg0jXznRTKDjm/E7AdgFBVeAPVMNcKGsHMA==",
          "requires": {
            "ms": "2.0.0"
          }
        },
        "ms": {
          "version": "2.0.0",
          "resolved": "https://registry.npmjs.org/ms/-/ms-2.0.0.tgz",
          "integrity": "sha1-VgiurfwAvmwpAd9fmGF4jeDVl8g="
        }
      }
    },
    "follow-redirects": {
      "version": "1.8.1",
      "resolved": "https://registry.npmjs.org/follow-redirects/-/follow-redirects-1.8.1.tgz",
      "integrity": "sha512-micCIbldHioIegeKs41DoH0KS3AXfFzgS30qVkM6z/XOE/GJgvmsoc839NUqa1B9udYe9dQxgv7KFwng6+p/dw==",
      "requires": {
        "debug": "^3.0.0"
      }
    },
    "forwarded": {
      "version": "0.1.2",
      "resolved": "https://registry.npmjs.org/forwarded/-/forwarded-0.1.2.tgz",
      "integrity": "sha1-mMI9qxF1ZXuMBXPozszZGw/xjIQ="
    },
    "fresh": {
      "version": "0.5.2",
      "resolved": "https://registry.npmjs.org/fresh/-/fresh-0.5.2.tgz",
      "integrity": "sha1-PYyt2Q2XZWn6g1qx+OSyOhBWBac="
    },
    "he": {
      "version": "1.2.0",
      "resolved": "https://registry.npmjs.org/he/-/he-1.2.0.tgz",
      "integrity": "sha512-F/1DnUGPopORZi0ni+CvrCgHQ5FyEAHRLSApuYWMmrbSwoN2Mn/7k+Gl38gJnR7yyDZk6WLXwiGod1JOWNDKGw=="
    },
    "http-errors": {
      "version": "1.7.2",
      "resolved": "https://registry.npmjs.org/http-errors/-/http-errors-1.7.2.tgz",
      "integrity": "sha512-uUQBt3H/cSIVfch6i1EuPNy/YsRSOUBXTVfZ+yR7Zjez3qjBz6i9+i4zjNaoqcoFVI4lQJ5plg63TvGfRSDCRg==",
      "requires": {
        "depd": "~1.1.2",
        "inherits": "2.0.3",
        "setprototypeof": "1.1.1",
        "statuses": ">= 1.5.0 < 2",
        "toidentifier": "1.0.0"
      }
    },
    "http-proxy": {
      "version": "1.17.0",
      "resolved": "https://registry.npmjs.org/http-proxy/-/http-proxy-1.17.0.tgz",
      "integrity": "sha512-Taqn+3nNvYRfJ3bGvKfBSRwy1v6eePlm3oc/aWVxZp57DQr5Eq3xhKJi7Z4hZpS8PC3H4qI+Yly5EmFacGuA/g==",
      "requires": {
        "eventemitter3": "^3.0.0",
        "follow-redirects": "^1.0.0",
        "requires-port": "^1.0.0"
      }
    },
    "http-server": {
      "version": "0.11.1",
      "resolved": "https://registry.npmjs.org/http-server/-/http-server-0.11.1.tgz",
      "integrity": "sha512-6JeGDGoujJLmhjiRGlt8yK8Z9Kl0vnl/dQoQZlc4oeqaUoAKQg94NILLfrY3oWzSyFaQCVNTcKE5PZ3cH8VP9w==",
      "requires": {
        "colors": "1.0.3",
        "corser": "~2.0.0",
        "ecstatic": "^3.0.0",
        "http-proxy": "^1.8.1",
        "opener": "~1.4.0",
        "optimist": "0.6.x",
        "portfinder": "^1.0.13",
        "union": "~0.4.3"
      }
    },
    "iconv-lite": {
      "version": "0.4.24",
      "resolved": "https://registry.npmjs.org/iconv-lite/-/iconv-lite-0.4.24.tgz",
      "integrity": "sha512-v3MXnZAcvnywkTUEZomIActle7RXXeedOR31wwl7VlyoXO4Qi9arvSenNQWne1TcRwhCL1HwLI21bEqdpj8/rA==",
      "requires": {
        "safer-buffer": ">= 2.1.2 < 3"
      }
    },
    "inherits": {
      "version": "2.0.3",
      "resolved": "https://registry.npmjs.org/inherits/-/inherits-2.0.3.tgz",
      "integrity": "sha1-Yzwsg+PaQqUC9SRmAiSA9CCCYd4="
    },
    "ipaddr.js": {
      "version": "1.9.0",
      "resolved": "https://registry.npmjs.org/ipaddr.js/-/ipaddr.js-1.9.0.tgz",
      "integrity": "sha512-M4Sjn6N/+O6/IXSJseKqHoFc+5FdGJ22sXqnjTpdZweHK64MzEPAyQZyEU3R/KRv2GLoa7nNtg/C2Ev6m7z+eA=="
    },
    "ismobilejs": {
      "version": "0.5.2",
      "resolved": "https://registry.npmjs.org/ismobilejs/-/ismobilejs-0.5.2.tgz",
      "integrity": "sha512-ta9UdV60xVZk/ZafFtSFslQaE76SvNkcs1r73d2PVR21zVzx9xuYv9tNe4MxA1NN7WoeCc2RjGot3Bz1eHDx3Q=="
    },
    "media-typer": {
      "version": "0.3.0",
      "resolved": "https://registry.npmjs.org/media-typer/-/media-typer-0.3.0.tgz",
      "integrity": "sha1-hxDXrwqmJvj/+hzgAWhUUmMlV0g="
    },
    "merge-descriptors": {
      "version": "1.0.1",
      "resolved": "https://registry.npmjs.org/merge-descriptors/-/merge-descriptors-1.0.1.tgz",
      "integrity": "sha1-sAqqVW3YtEVoFQ7J0blT8/kMu2E="
    },
    "methods": {
      "version": "1.1.2",
      "resolved": "https://registry.npmjs.org/methods/-/methods-1.1.2.tgz",
      "integrity": "sha1-VSmk1nZUE07cxSZmVoNbD4Ua/O4="
    },
    "mime": {
      "version": "2.4.4",
      "resolved": "https://registry.npmjs.org/mime/-/mime-2.4.4.tgz",
      "integrity": "sha512-LRxmNwziLPT828z+4YkNzloCFC2YM4wrB99k+AV5ZbEyfGNWfG8SO1FUXLmLDBSo89NrJZ4DIWeLjy1CHGhMGA=="
    },
    "mime-db": {
      "version": "1.40.0",
      "resolved": "https://registry.npmjs.org/mime-db/-/mime-db-1.40.0.tgz",
      "integrity": "sha512-jYdeOMPy9vnxEqFRRo6ZvTZ8d9oPb+k18PKoYNYUe2stVEBPPwsln/qWzdbmaIvnhZ9v2P+CuecK+fpUfsV2mA=="
    },
    "mime-types": {
      "version": "2.1.24",
      "resolved": "https://registry.npmjs.org/mime-types/-/mime-types-2.1.24.tgz",
      "integrity": "sha512-WaFHS3MCl5fapm3oLxU4eYDw77IQM2ACcxQ9RIxfaC3ooc6PFuBMGZZsYpvoXS5D5QTWPieo1jjLdAm3TBP3cQ==",
      "requires": {
        "mime-db": "1.40.0"
      }
    },
    "mini-signals": {
      "version": "1.2.0",
      "resolved": "https://registry.npmjs.org/mini-signals/-/mini-signals-1.2.0.tgz",
      "integrity": "sha1-RbCAE8X65RokqhqTXNMXye1yHXQ="
    },
    "minimist": {
      "version": "1.2.0",
      "resolved": "https://registry.npmjs.org/minimist/-/minimist-1.2.0.tgz",
      "integrity": "sha1-o1AIsg9BOD7sH7kU9M1d95omQoQ="
    },
    "mkdirp": {
      "version": "0.5.1",
      "resolved": "https://registry.npmjs.org/mkdirp/-/mkdirp-0.5.1.tgz",
      "integrity": "sha1-MAV0OOrGz3+MR2fzhkjWaX11yQM=",
      "requires": {
        "minimist": "0.0.8"
      },
      "dependencies": {
        "minimist": {
          "version": "0.0.8",
          "resolved": "https://registry.npmjs.org/minimist/-/minimist-0.0.8.tgz",
          "integrity": "sha1-hX/Kv8M5fSYluCKCYuhqp6ARsF0="
        }
      }
    },
    "ms": {
      "version": "2.1.2",
      "resolved": "https://registry.npmjs.org/ms/-/ms-2.1.2.tgz",
      "integrity": "sha512-sGkPx+VjMtmA6MX27oA4FBFELFCZZ4S4XqeGOXCv68tT+jb3vk/RyaKWP0PTKyWtmLSM0b+adUTEvbs1PEaH2w=="
    },
    "negotiator": {
      "version": "0.6.2",
      "resolved": "https://registry.npmjs.org/negotiator/-/negotiator-0.6.2.tgz",
      "integrity": "sha512-hZXc7K2e+PgeI1eDBe/10Ard4ekbfrrqG8Ep+8Jmf4JID2bNg7NvCPOZN+kfF574pFQI7mum2AUqDidoKqcTOw=="
    },
    "object-assign": {
      "version": "4.1.1",
      "resolved": "https://registry.npmjs.org/object-assign/-/object-assign-4.1.1.tgz",
      "integrity": "sha1-IQmtx5ZYh8/AXLvUQsrIv7s2CGM="
    },
    "on-finished": {
      "version": "2.3.0",
      "resolved": "https://registry.npmjs.org/on-finished/-/on-finished-2.3.0.tgz",
      "integrity": "sha1-IPEzZIGwg811M3mSoWlxqi2QaUc=",
      "requires": {
        "ee-first": "1.1.1"
      }
    },
    "opener": {
      "version": "1.4.3",
      "resolved": "https://registry.npmjs.org/opener/-/opener-1.4.3.tgz",
      "integrity": "sha1-XG2ixdflgx6P+jlklQ+NZnSskLg="
    },
    "optimist": {
      "version": "0.6.1",
      "resolved": "https://registry.npmjs.org/optimist/-/optimist-0.6.1.tgz",
      "integrity": "sha1-2j6nRob6IaGaERwybpDrFaAZZoY=",
      "requires": {
        "minimist": "~0.0.1",
        "wordwrap": "~0.0.2"
      },
      "dependencies": {
        "minimist": {
          "version": "0.0.10",
          "resolved": "https://registry.npmjs.org/minimist/-/minimist-0.0.10.tgz",
          "integrity": "sha1-3j+YVD2/lggr5IrRoMfNqDYwHc8="
        }
      }
    },
    "parse-uri": {
      "version": "1.0.0",
      "resolved": "https://registry.npmjs.org/parse-uri/-/parse-uri-1.0.0.tgz",
      "integrity": "sha1-KHLcwi8aeXrN4Vg9igrClVLdrCA="
    },
    "parseurl": {
      "version": "1.3.3",
      "resolved": "https://registry.npmjs.org/parseurl/-/parseurl-1.3.3.tgz",
      "integrity": "sha512-CiyeOxFT/JZyN5m0z9PfXw4SCBJ6Sygz1Dpl0wqjlhDEGGBP1GnsUVEL0p63hoG1fcj3fHynXi9NYO4nWOL+qQ=="
    },
    "path-to-regexp": {
      "version": "0.1.7",
      "resolved": "https://registry.npmjs.org/path-to-regexp/-/path-to-regexp-0.1.7.tgz",
      "integrity": "sha1-32BBeABfUi8V60SQ5yR6G/qmf4w="
    },
    "pixi.js": {
      "version": "5.1.2",
      "resolved": "https://registry.npmjs.org/pixi.js/-/pixi.js-5.1.2.tgz",
      "integrity": "sha512-9AeQsvSEeHpUAIi1XS4JMbL4UyX2K6H5l6dfUWBm4THliXBFZGVDPiI6p7VdhAlzhCZwgqu2ceTXZSPCLJaEhg==",
      "requires": {
        "@pixi/accessibility": "^5.1.2",
        "@pixi/app": "^5.1.2",
        "@pixi/constants": "^5.1.0",
        "@pixi/core": "^5.1.2",
        "@pixi/display": "^5.1.2",
        "@pixi/extract": "^5.1.2",
        "@pixi/filter-alpha": "^5.1.2",
        "@pixi/filter-blur": "^5.1.2",
        "@pixi/filter-color-matrix": "^5.1.2",
        "@pixi/filter-displacement": "^5.1.2",
        "@pixi/filter-fxaa": "^5.1.2",
        "@pixi/filter-noise": "^5.1.2",
        "@pixi/graphics": "^5.1.2",
        "@pixi/interaction": "^5.1.2",
        "@pixi/loaders": "^5.1.2",
        "@pixi/math": "^5.1.0",
        "@pixi/mesh": "^5.1.2",
        "@pixi/mesh-extras": "^5.1.2",
        "@pixi/mixin-cache-as-bitmap": "^5.1.2",
        "@pixi/mixin-get-child-by-name": "^5.1.2",
        "@pixi/mixin-get-global-position": "^5.1.2",
        "@pixi/particles": "^5.1.2",
        "@pixi/polyfill": "^5.1.0",
        "@pixi/prepare": "^5.1.2",
        "@pixi/runner": "^5.1.1",
        "@pixi/settings": "^5.1.1",
        "@pixi/sprite": "^5.1.2",
        "@pixi/sprite-animated": "^5.1.2",
        "@pixi/sprite-tiling": "^5.1.2",
        "@pixi/spritesheet": "^5.1.2",
        "@pixi/text": "^5.1.2",
        "@pixi/text-bitmap": "^5.1.2",
        "@pixi/ticker": "^5.1.1",
        "@pixi/utils": "^5.1.2"
      }
    },
    "portfinder": {
      "version": "1.0.23",
      "resolved": "https://registry.npmjs.org/portfinder/-/portfinder-1.0.23.tgz",
      "integrity": "sha512-B729mL/uLklxtxuiJKfQ84WPxNw5a7Yhx3geQZdcA4GjNjZSTSSMMWyoennMVnTWSmAR0lMdzWYN0JLnHrg1KQ==",
      "requires": {
        "async": "^1.5.2",
        "debug": "^2.2.0",
        "mkdirp": "0.5.x"
      },
      "dependencies": {
        "debug": {
          "version": "2.6.9",
          "resolved": "https://registry.npmjs.org/debug/-/debug-2.6.9.tgz",
          "integrity": "sha512-bC7ElrdJaJnPbAP+1EotYvqZsb3ecl5wi6Bfi6BJTUcNowp6cvspg0jXznRTKDjm/E7AdgFBVeAPVMNcKGsHMA==",
          "requires": {
            "ms": "2.0.0"
          }
        },
        "ms": {
          "version": "2.0.0",
          "resolved": "https://registry.npmjs.org/ms/-/ms-2.0.0.tgz",
          "integrity": "sha1-VgiurfwAvmwpAd9fmGF4jeDVl8g="
        }
      }
    },
    "proxy-addr": {
      "version": "2.0.5",
      "resolved": "https://registry.npmjs.org/proxy-addr/-/proxy-addr-2.0.5.tgz",
      "integrity": "sha512-t/7RxHXPH6cJtP0pRG6smSr9QJidhB+3kXu0KgXnbGYMgzEnUxRQ4/LDdfOwZEMyIh3/xHb8PX3t+lfL9z+YVQ==",
      "requires": {
        "forwarded": "~0.1.2",
        "ipaddr.js": "1.9.0"
      }
    },
    "punycode": {
      "version": "1.3.2",
      "resolved": "https://registry.npmjs.org/punycode/-/punycode-1.3.2.tgz",
      "integrity": "sha1-llOgNvt8HuQjQvIyXM7v6jkmxI0="
    },
    "qs": {
      "version": "2.3.3",
      "resolved": "https://registry.npmjs.org/qs/-/qs-2.3.3.tgz",
      "integrity": "sha1-6eha2+ddoLvkyOBHaghikPhjtAQ="
    },
    "querystring": {
      "version": "0.2.0",
      "resolved": "https://registry.npmjs.org/querystring/-/querystring-0.2.0.tgz",
      "integrity": "sha1-sgmEkgO7Jd+CDadW50cAWHhSFiA="
    },
    "range-parser": {
      "version": "1.2.1",
      "resolved": "https://registry.npmjs.org/range-parser/-/range-parser-1.2.1.tgz",
      "integrity": "sha512-Hrgsx+orqoygnmhFbKaHE6c296J+HTAQXoxEF6gNupROmmGJRoyzfG3ccAveqCBrwr/2yxQ5BVd/GTl5agOwSg=="
    },
    "raw-body": {
      "version": "2.4.0",
      "resolved": "https://registry.npmjs.org/raw-body/-/raw-body-2.4.0.tgz",
      "integrity": "sha512-4Oz8DUIwdvoa5qMJelxipzi/iJIi40O5cGV1wNYp5hvZP8ZN0T+jiNkL0QepXs+EsQ9XJ8ipEDoiH70ySUJP3Q==",
      "requires": {
        "bytes": "3.1.0",
        "http-errors": "1.7.2",
        "iconv-lite": "0.4.24",
        "unpipe": "1.0.0"
      }
    },
    "requires-port": {
      "version": "1.0.0",
      "resolved": "https://registry.npmjs.org/requires-port/-/requires-port-1.0.0.tgz",
      "integrity": "sha1-kl0mAdOaxIXgkc8NpcbmlNw9yv8="
    },
    "resource-loader": {
      "version": "3.0.1",
      "resolved": "https://registry.npmjs.org/resource-loader/-/resource-loader-3.0.1.tgz",
      "integrity": "sha512-fBuCRbEHdLCI1eglzQhUv9Rrdcmqkydr1r6uHE2cYHvRBrcLXeSmbE/qI/urFt8rPr/IGxir3BUwM5kUK8XoyA==",
      "requires": {
        "mini-signals": "^1.2.0",
        "parse-uri": "^1.0.0"
      }
    },
    "safe-buffer": {
      "version": "5.1.2",
      "resolved": "https://registry.npmjs.org/safe-buffer/-/safe-buffer-5.1.2.tgz",
      "integrity": "sha512-Gd2UZBJDkXlY7GbJxfsE8/nvKkUEU1G38c1siN6QP6a9PT9MmHB8GnpscSmMJSoF8LOIrt8ud/wPtojys4G6+g=="
    },
    "safer-buffer": {
      "version": "2.1.2",
      "resolved": "https://registry.npmjs.org/safer-buffer/-/safer-buffer-2.1.2.tgz",
      "integrity": "sha512-YZo3K82SD7Riyi0E1EQPojLz7kpepnSQI9IyPbHHg1XXXevb5dJI7tpyN2ADxGcQbHG7vcyRHk0cbwqcQriUtg=="
    },
    "send": {
      "version": "0.17.1",
      "resolved": "https://registry.npmjs.org/send/-/send-0.17.1.tgz",
      "integrity": "sha512-BsVKsiGcQMFwT8UxypobUKyv7irCNRHk1T0G680vk88yf6LBByGcZJOTJCrTP2xVN6yI+XjPJcNuE3V4fT9sAg==",
      "requires": {
        "debug": "2.6.9",
        "depd": "~1.1.2",
        "destroy": "~1.0.4",
        "encodeurl": "~1.0.2",
        "escape-html": "~1.0.3",
        "etag": "~1.8.1",
        "fresh": "0.5.2",
        "http-errors": "~1.7.2",
        "mime": "1.6.0",
        "ms": "2.1.1",
        "on-finished": "~2.3.0",
        "range-parser": "~1.2.1",
        "statuses": "~1.5.0"
      },
      "dependencies": {
        "debug": {
          "version": "2.6.9",
          "resolved": "https://registry.npmjs.org/debug/-/debug-2.6.9.tgz",
          "integrity": "sha512-bC7ElrdJaJnPbAP+1EotYvqZsb3ecl5wi6Bfi6BJTUcNowp6cvspg0jXznRTKDjm/E7AdgFBVeAPVMNcKGsHMA==",
          "requires": {
            "ms": "2.0.0"
          },
          "dependencies": {
            "ms": {
              "version": "2.0.0",
              "resolved": "https://registry.npmjs.org/ms/-/ms-2.0.0.tgz",
              "integrity": "sha1-VgiurfwAvmwpAd9fmGF4jeDVl8g="
            }
          }
        },
        "mime": {
          "version": "1.6.0",
          "resolved": "https://registry.npmjs.org/mime/-/mime-1.6.0.tgz",
          "integrity": "sha512-x0Vn8spI+wuJ1O6S7gnbaQg8Pxh4NNHb7KSINmEWKiPE4RKOplvijn+NkmYmmRgP68mc70j2EbeTFRsrswaQeg=="
        },
        "ms": {
          "version": "2.1.1",
          "resolved": "https://registry.npmjs.org/ms/-/ms-2.1.1.tgz",
          "integrity": "sha512-tgp+dl5cGk28utYktBsrFqA7HKgrhgPsg6Z/EfhWI4gl1Hwq8B/GmY/0oXZ6nF8hDVesS/FpnYaD/kOWhYQvyg=="
        }
      }
    },
    "serve-static": {
      "version": "1.14.1",
      "resolved": "https://registry.npmjs.org/serve-static/-/serve-static-1.14.1.tgz",
      "integrity": "sha512-JMrvUwE54emCYWlTI+hGrGv5I8dEwmco/00EvkzIIsR7MqrHonbD9pO2MOfFnpFntl7ecpZs+3mW+XbQZu9QCg==",
      "requires": {
        "encodeurl": "~1.0.2",
        "escape-html": "~1.0.3",
        "parseurl": "~1.3.3",
        "send": "0.17.1"
      }
    },
    "setprototypeof": {
      "version": "1.1.1",
      "resolved": "https://registry.npmjs.org/setprototypeof/-/setprototypeof-1.1.1.tgz",
      "integrity": "sha512-JvdAWfbXeIGaZ9cILp38HntZSFSo3mWg6xGcJJsd+d4aRMOqauag1C63dJfDw7OaMYwEbHMOxEZ1lqVRYP2OAw=="
    },
    "statuses": {
      "version": "1.5.0",
      "resolved": "https://registry.npmjs.org/statuses/-/statuses-1.5.0.tgz",
      "integrity": "sha1-Fhx9rBd2Wf2YEfQ3cfqZOBR4Yow="
    },
    "toidentifier": {
      "version": "1.0.0",
      "resolved": "https://registry.npmjs.org/toidentifier/-/toidentifier-1.0.0.tgz",
      "integrity": "sha512-yaOH/Pk/VEhBWWTlhI+qXxDFXlejDGcQipMlyxda9nthulaxLZUNcUqFxokp0vcYnvteJln5FNQDRrxj3YcbVw=="
    },
    "type-is": {
      "version": "1.6.18",
      "resolved": "https://registry.npmjs.org/type-is/-/type-is-1.6.18.tgz",
      "integrity": "sha512-TkRKr9sUTxEH8MdfuCSP7VizJyzRNMjj2J2do2Jr3Kym598JVdEksuzPQCnlFPW4ky9Q+iA+ma9BGm06XQBy8g==",
      "requires": {
        "media-typer": "0.3.0",
        "mime-types": "~2.1.24"
      }
    },
    "union": {
      "version": "0.4.6",
      "resolved": "https://registry.npmjs.org/union/-/union-0.4.6.tgz",
      "integrity": "sha1-GY+9rrolTniLDvy2MLwR8kopWeA=",
      "requires": {
        "qs": "~2.3.3"
      }
    },
    "unpipe": {
      "version": "1.0.0",
      "resolved": "https://registry.npmjs.org/unpipe/-/unpipe-1.0.0.tgz",
      "integrity": "sha1-sr9O6FFKrmFltIF4KdIbLvSZBOw="
    },
    "url": {
      "version": "0.11.0",
      "resolved": "https://registry.npmjs.org/url/-/url-0.11.0.tgz",
      "integrity": "sha1-ODjpfPxgUh63PFJajlW/3Z4uKPE=",
      "requires": {
        "punycode": "1.3.2",
        "querystring": "0.2.0"
      }
    },
    "url-join": {
      "version": "2.0.5",
      "resolved": "https://registry.npmjs.org/url-join/-/url-join-2.0.5.tgz",
      "integrity": "sha1-WvIvGMBSoACkjXuCxenC4v7tpyg="
    },
    "utils-merge": {
      "version": "1.0.1",
      "resolved": "https://registry.npmjs.org/utils-merge/-/utils-merge-1.0.1.tgz",
      "integrity": "sha1-n5VxD1CiZ5R7LMwSR0HBAoQn5xM="
    },
    "vary": {
      "version": "1.1.2",
      "resolved": "https://registry.npmjs.org/vary/-/vary-1.1.2.tgz",
      "integrity": "sha1-IpnwLG3tMNSllhsLn3RSShj2NPw="
    },
    "wordwrap": {
      "version": "0.0.3",
      "resolved": "https://registry.npmjs.org/wordwrap/-/wordwrap-0.0.3.tgz",
      "integrity": "sha1-o9XabNXAvAAI03I0u68b7WMFkQc="
    }
  }
}
